
Microsoft Visual Studio Solution File, Format Version 12.00
# Visual Studio Version 17
VisualStudioVersion = 17.0.32112.339
MinimumVisualStudioVersion = 10.0.40219.1
Project("{8BC9CEB8-8B4A-11D0-8D11-00A0C91BC942}") = "ConDRV Bug", "ConDRV Bug\ConDRV Bug.vcxproj", "{75F81FFC-00FC-4099-9362-F9B85698A333}"
EndProject
Global
	GlobalSection(SolutionConfigurationPlatforms) = preSolution
		Debug|x64 = Debug|x64
		Debug|x86 = Debug|x86
		Release|x64 = Release|x64
		Release|x86 = Release|x86
	EndGlobalSection
	GlobalSection(ProjectConfigurationPlatforms) = postSolution
		{75F81FFC-00FC-4099-9362-F9B85698A333}.Debug|x64.ActiveCfg = Debug|x64
		{75F81FFC-00FC-4099-9362-F9B85698A333}.Debug|x64.Build.0 = Debug|x64
		{75F81FFC-00FC-4099-9362-F9B85698A333}.Debug|x86.ActiveCfg = Debug|Win32
		{75F81FFC-00FC-4099-9362-F9B85698A333}.Debug|x86.Build.0 = Debug|Win32
		{75F81FFC-00FC-4099-9362-F9B85698A333}.Release|x64.ActiveCfg = Release|x64
		{75F81FFC-00FC-4099-9362-F9B85698A333}.Release|x64.Build.0 = Release|x64
		{75F81FFC-00FC-4099-9362-F9B85698A333}.Release|x86.ActiveCfg = Release|Win32
		{75F81FFC-00FC-4099-9362-F9B85698A333}.Release|x86.Build.0 = Release|Win32
	EndGlobalSection
	GlobalSection(SolutionProperties) = preSolution
		HideSolutionNode = FALSE
	EndGlobalSection
	GlobalSection(ExtensibilityGlobals) = postSolution
		SolutionGuid = {DDCE6A5F-C355-4C43-81EB-21F584B6952C}
	EndGlobalSection
EndGlobal
